
Microsoft Visual Studio Solution File, Format Version 12.00
# Visual Studio Version 16
VisualStudioVersion = 16.0.31729.503
MinimumVisualStudioVersion = 10.0.40219.1
Project("{FAE04EC0-301F-11D3-BF4B-00C04F79EFBC}") = "CRUDEmployee", "CRUDEmployee\CRUDEmployee.csproj", "{0B97E55A-C8F9-4457-99D9-772C5E3C752E}"
EndProject
Global
	GlobalSection(SolutionConfigurationPlatforms) = preSolution
		Debug|Any CPU = Debug|Any CPU
		Release|Any CPU = Release|Any CPU
	EndGlobalSection
	GlobalSection(ProjectConfigurationPlatforms) = postSolution
		{0B97E55A-C8F9-4457-99D9-772C5E3C752E}.Debug|Any CPU.ActiveCfg = Debug|Any CPU
		{0B97E55A-C8F9-4457-99D9-772C5E3C752E}.Debug|Any CPU.Build.0 = Debug|Any CPU
		{0B97E55A-C8F9-4457-99D9-772C5E3C752E}.Release|Any CPU.ActiveCfg = Release|Any CPU
		{0B97E55A-C8F9-4457-99D9-772C5E3C752E}.Release|Any CPU.Build.0 = Release|Any CPU
	EndGlobalSection
	GlobalSection(SolutionProperties) = preSolution
		HideSolutionNode = FALSE
	EndGlobalSection
	GlobalSection(ExtensibilityGlobals) = postSolution
		SolutionGuid = {334B58C3-C288-4CDB-B8D2-262C0FA2E37B}
	EndGlobalSection
EndGlobal
